// !$*UTF8*$!
{
	archiveVersion = 1;
	classes = {
	};
	objectVersion = 55;
	objects = {

/* Begin PBXBuildFile section */
		93A429942727A7580060E56E /* toDoListApp.swift in Sources */ = {isa = PBXBuildFile; fileRef = 93A429932727A7580060E56E /* toDoListApp.swift */; };
		93A429962727A7580060E56E /* ContentView.swift in Sources */ = {isa = PBXBuildFile; fileRef = 93A429952727A7580060E56E /* ContentView.swift */; };
		93A429982727A7590060E56E /* Assets.xcassets in Resources */ = {isa = PBXBuildFile; fileRef = 93A429972727A7590060E56E /* Assets.xcassets */; };
		93A4299B2727A7590060E56E /* Preview Assets.xcassets in Resources */ = {isa = PBXBuildFile; fileRef = 93A4299A2727A7590060E56E /* Preview Assets.xcassets */; };
		93A4299D2727A7590060E56E /* Persistence.swift in Sources */ = {isa = PBXBuildFile; fileRef = 93A4299C2727A7590060E56E /* Persistence.swift */; };
		93A429A02727A7590060E56E /* toDoList.xcdatamodeld in Sources */ = {isa = PBXBuildFile; fileRef = 93A4299E2727A7590060E56E /* toDoList.xcdatamodeld */; };
		93A429AA2727A7590060E56E /* toDoListTests.swift in Sources */ = {isa = PBXBuildFile; fileRef = 93A429A92727A7590060E56E /* toDoListTests.swift */; };
		93A429B42727A7590060E56E /* toDoListUITests.swift in Sources */ = {isa = PBXBuildFile; fileRef = 93A429B32727A7590060E56E /* toDoListUITests.swift */; };
		93A429B62727A7590060E56E /* toDoListUITestsLaunchTests.swift in Sources */ = {isa = PBXBuildFile; fileRef = 93A429B52727A7590060E56E /* toDoListUITestsLaunchTests.swift */; };
/* End PBXBuildFile section */

/* Begin PBXContainerItemProxy section */
		93A429A62727A7590060E56E /* PBXContainerItemProxy */ = {
			isa = PBXContainerItemProxy;
			containerPortal = 93A429882727A7580060E56E /* Project object */;
			proxyType = 1;
			remoteGlobalIDString = 93A4298F2727A7580060E56E;
			remoteInfo = toDoList;
		};
		93A429B02727A7590060E56E /* PBXContainerItemProxy */ = {
			isa = PBXContainerItemProxy;
			containerPortal = 93A429882727A7580060E56E /* Project object */;
			proxyType = 1;
			remoteGlobalIDString = 93A4298F2727A7580060E56E;
			remoteInfo = toDoList;
		};
/* End PBXContainerItemProxy section */

/* Begin PBXFileReference section */
		93A429902727A7580060E56E /* toDoList.app */ = {isa = PBXFileReference; explicitFileType = wrapper.application; includeInIndex = 0; path = toDoList.app; sourceTree = BUILT_PRODUCTS_DIR; };
		93A429932727A7580060E56E /* toDoListApp.swift */ = {isa = PBXFileReference; lastKnownFileType = sourcecode.swift; path = toDoListApp.swift; sourceTree = "<group>"; };
		93A429952727A7580060E56E /* ContentView.swift */ = {isa = PBXFileReference; lastKnownFileType = sourcecode.swift; path = ContentView.swift; sourceTree = "<group>"; };
		93A429972727A7590060E56E /* Assets.xcassets */ = {isa = PBXFileReference; lastKnownFileType = folder.assetcatalog; path = Assets.xcassets; sourceTree = "<group>"; };
		93A4299A2727A7590060E56E /* Preview Assets.xcassets */ = {isa = PBXFileReference; lastKnownFileType = folder.assetcatalog; path = "Preview Assets.xcassets"; sourceTree = "<group>"; };
		93A4299C2727A7590060E56E /* Persistence.swift */ = {isa = PBXFileReference; lastKnownFileType = sourcecode.swift; path = Persistence.swift; sourceTree = "<group>"; };
		93A4299F2727A7590060E56E /* toDoList.xcdatamodel */ = {isa = PBXFileReference; lastKnownFileType = wrapper.xcdatamodel; path = toDoList.xcdatamodel; sourceTree = "<group>"; };
		93A429A52727A7590060E56E /* toDoListTests.xctest */ = {isa = PBXFileReference; explicitFileType = wrapper.cfbundle; includeInIndex = 0; path = toDoListTests.xctest; sourceTree = BUILT_PRODUCTS_DIR; };
		93A429A92727A7590060E56E /* toDoListTests.swift */ = {isa = PBXFileReference; lastKnownFileType = sourcecode.swift; path = toDoListTests.swift; sourceTree = "<group>"; };
		93A429AF2727A7590060E56E /* toDoListUITests.xctest */ = {isa = PBXFileReference; explicitFileType = wrapper.cfbundle; includeInIndex = 0; path = toDoListUITests.xctest; sourceTree = BUILT_PRODUCTS_DIR; };
		93A429B32727A7590060E56E /* toDoListUITests.swift */ = {isa = PBXFileReference; lastKnownFileType = sourcecode.swift; path = toDoListUITests.swift; sourceTree = "<group>"; };
		93A429B52727A7590060E56E /* toDoListUITestsLaunchTests.swift */ = {isa = PBXFileReference; lastKnownFileType = sourcecode.swift; path = toDoListUITestsLaunchTests.swift; sourceTree = "<group>"; };
/* End PBXFileReference section */

/* Begin PBXFrameworksBuildPhase section */
		93A4298D2727A7580060E56E /* Frameworks */ = {
			isa = PBXFrameworksBuildPhase;
			buildActionMask = 2147483647;
			files = (
			);
			runOnlyForDeploymentPostprocessing = 0;
		};
		93A429A22727A7590060E56E /* Frameworks */ = {
			isa = PBXFrameworksBuildPhase;
			buildActionMask = 2147483647;
			files = (
			);
			runOnlyForDeploymentPostprocessing = 0;
		};
		93A429AC2727A7590060E56E /* Frameworks */ = {
			isa = PBXFrameworksBuildPhase;
			buildActionMask = 2147483647;
			files = (
			);
			runOnlyForDeploymentPostprocessing = 0;
		};
/* End PBXFrameworksBuildPhase section */

/* Begin PBXGroup section */
		93A429872727A7580060E56E = {
			isa = PBXGroup;
			children = (
				93A429922727A7580060E56E /* toDoList */,
				93A429A82727A7590060E56E /* toDoListTests */,
				93A429B22727A7590060E56E /* toDoListUITests */,
				93A429912727A7580060E56E /* Products */,
			);
			sourceTree = "<group>";
		};
		93A429912727A7580060E56E /* Products */ = {
			isa = PBXGroup;
			children = (
				93A429902727A7580060E56E /* toDoList.app */,
				93A429A52727A7590060E56E /* toDoListTests.xctest */,
				93A429AF2727A7590060E56E /* toDoListUITests.xctest */,
			);
			name = Products;
			sourceTree = "<group>";
		};
		93A429922727A7580060E56E /* toDoList */ = {
			isa = PBXGroup;
			children = (
				93A429932727A7580060E56E /* toDoListApp.swift */,
				93A429952727A7580060E56E /* ContentView.swift */,
				93A429972727A7590060E56E /* Assets.xcassets */,
				93A4299C2727A7590060E56E /* Persistence.swift */,
				93A4299E2727A7590060E56E /* toDoList.xcdatamodeld */,
				93A429992727A7590060E56E /* Preview Content */,
			);
			path = toDoList;
			sourceTree = "<group>";
		};
		93A429992727A7590060E56E /* Preview Content */ = {
			isa = PBXGroup;
			children = (
				93A4299A2727A7590060E56E /* Preview Assets.xcassets */,
			);
			path = "Preview Content";
			sourceTree = "<group>";
		};
		93A429A82727A7590060E56E /* toDoListTests */ = {
			isa = PBXGroup;
			children = (
				93A429A92727A7590060E56E /* toDoListTests.swift */,
			);
			path = toDoListTests;
			sourceTree = "<group>";
		};
		93A429B22727A7590060E56E /* toDoListUITests */ = {
			isa = PBXGroup;
			children = (
				93A429B32727A7590060E56E /* toDoListUITests.swift */,
				93A429B52727A7590060E56E /* toDoListUITestsLaunchTests.swift */,
			);
			path = toDoListUITests;
			sourceTree = "<group>";
		};
/* End PBXGroup section */

/* Begin PBXNativeTarget section */
		93A4298F2727A7580060E56E /* toDoList */ = {
			isa = PBXNativeTarget;
			buildConfigurationList = 93A429B92727A7590060E56E /* Build configuration list for PBXNativeTarget "toDoList" */;
			buildPhases = (
				93A4298C2727A7580060E56E /* Sources */,
				93A4298D2727A7580060E56E /* Frameworks */,
				93A4298E2727A7580060E56E /* Resources */,
			);
			buildRules = (
			);
			dependencies = (
			);
			name = toDoList;
			productName = toDoList;
			productReference = 93A429902727A7580060E56E /* toDoList.app */;
			productType = "com.apple.product-type.application";
		};
		93A429A42727A7590060E56E /* toDoListTests */ = {
			isa = PBXNativeTarget;
			buildConfigurationList = 93A429BC2727A7590060E56E /* Build configuration list for PBXNativeTarget "toDoListTests" */;
			buildPhases = (
				93A429A12727A7590060E56E /* Sources */,
				93A429A22727A7590060E56E /* Frameworks */,
				93A429A32727A7590060E56E /* Resources */,
			);
			buildRules = (
			);
			dependencies = (
				93A429A72727A7590060E56E /* PBXTargetDependency */,
			);
			name = toDoListTests;
			productName = toDoListTests;
			productReference = 93A429A52727A7590060E56E /* toDoListTests.xctest */;
			productType = "com.apple.product-type.bundle.unit-test";
		};
		93A429AE2727A7590060E56E /* toDoListUITests */ = {
			isa = PBXNativeTarget;
			buildConfigurationList = 93A429BF2727A7590060E56E /* Build configuration list for PBXNativeTarget "toDoListUITests" */;
			buildPhases = (
				93A429AB2727A7590060E56E /* Sources */,
				93A429AC2727A7590060E56E /* Frameworks */,
				93A429AD2727A7590060E56E /* Resources */,
			);
			buildRules = (
			);
			dependencies = (
				93A429B12727A7590060E56E /* PBXTargetDependency */,
			);
			name = toDoListUITests;
			productName = toDoListUITests;
			productReference = 93A429AF2727A7590060E56E /* toDoListUITests.xctest */;
			productType = "com.apple.product-type.bundle.ui-testing";
		};
/* End PBXNativeTarget section */

/* Begin PBXProject section */
		93A429882727A7580060E56E /* Project object */ = {
			isa = PBXProject;
			attributes = {
				BuildIndependentTargetsInParallel = 1;
				LastSwiftUpdateCheck = 1300;
				LastUpgradeCheck = 1300;
				TargetAttributes = {
					93A4298F2727A7580060E56E = {
						CreatedOnToolsVersion = 13.0;
					};
					93A429A42727A7590060E56E = {
						CreatedOnToolsVersion = 13.0;
						TestTargetID = 93A4298F2727A7580060E56E;
					};
					93A429AE2727A7590060E56E = {
						CreatedOnToolsVersion = 13.0;
						TestTargetID = 93A4298F2727A7580060E56E;
					};
				};
			};
			buildConfigurationList = 93A4298B2727A7580060E56E /* Build configuration list for PBXProject "toDoList" */;
			compatibilityVersion = "Xcode 13.0";
			developmentRegion = en;
			hasScannedForEncodings = 0;
			knownRegions = (
				en,
				Base,
			);
			mainGroup = 93A429872727A7580060E56E;
			productRefGroup = 93A429912727A7580060E56E /* Products */;
			projectDirPath = "";
			projectRoot = "";
			targets = (
				93A4298F2727A7580060E56E /* toDoList */,
				93A429A42727A7590060E56E /* toDoListTests */,
				93A429AE2727A7590060E56E /* toDoListUITests */,
			);
		};
/* End PBXProject section */

/* Begin PBXResourcesBuildPhase section */
		93A4298E2727A7580060E56E /* Resources */ = {
			isa = PBXResourcesBuildPhase;
			buildActionMask = 2147483647;
			files = (
				93A4299B2727A7590060E56E /* Preview Assets.xcassets in Resources */,
				93A429982727A7590060E56E /* Assets.xcassets in Resources */,
			);
			runOnlyForDeploymentPostprocessing = 0;
		};
		93A429A32727A7590060E56E /* Resources */ = {
			isa = PBXResourcesBuildPhase;
			buildActionMask = 2147483647;
			files = (
			);
			runOnlyForDeploymentPostprocessing = 0;
		};
		93A429AD2727A7590060E56E /* Resources */ = {
			isa = PBXResourcesBuildPhase;
			buildActionMask = 2147483647;
			files = (
			);
			runOnlyForDeploymentPostprocessing = 0;
		};
/* End PBXResourcesBuildPhase section */

/* Begin PBXSourcesBuildPhase section */
		93A4298C2727A7580060E56E /* Sources */ = {
			isa = PBXSourcesBuildPhase;
			buildActionMask = 2147483647;
			files = (
				93A4299D2727A7590060E56E /* Persistence.swift in Sources */,
				93A429962727A7580060E56E /* ContentView.swift in Sources */,
				93A429942727A7580060E56E /* toDoListApp.swift in Sources */,
				93A429A02727A7590060E56E /* toDoList.xcdatamodeld in Sources */,
			);
			runOnlyForDeploymentPostprocessing = 0;
		};
		93A429A12727A7590060E56E /* Sources */ = {
			isa = PBXSourcesBuildPhase;
			buildActionMask = 2147483647;
			files = (
				93A429AA2727A7590060E56E /* toDoListTests.swift in Sources */,
			);
			runOnlyForDeploymentPostprocessing = 0;
		};
		93A429AB2727A7590060E56E /* Sources */ = {
			isa = PBXSourcesBuildPhase;
			buildActionMask = 2147483647;
			files = (
				93A429B62727A7590060E56E /* toDoListUITestsLaunchTests.swift in Sources */,
				93A429B42727A7590060E56E /* toDoListUITests.swift in Sources */,
			);
			runOnlyForDeploymentPostprocessing = 0;
		};
/* End PBXSourcesBuildPhase section */

/* Begin PBXTargetDependency section */
		93A429A72727A7590060E56E /* PBXTargetDependency */ = {
			isa = PBXTargetDependency;
			target = 93A4298F2727A7580060E56E /* toDoList */;
			targetProxy = 93A429A62727A7590060E56E /* PBXContainerItemProxy */;
		};
		93A429B12727A7590060E56E /* PBXTargetDependency */ = {
			isa = PBXTargetDependency;
			target = 93A4298F2727A7580060E56E /* toDoList */;
			targetProxy = 93A429B02727A7590060E56E /* PBXContainerItemProxy */;
		};
/* End PBXTargetDependency section */

/* Begin XCBuildConfiguration section */
		93A429B72727A7590060E56E /* Debug */ = {
			isa = XCBuildConfiguration;
			buildSettings = {
				ALWAYS_SEARCH_USER_PATHS = NO;
				CLANG_ANALYZER_NONNULL = YES;
				CLANG_ANALYZER_NUMBER_OBJECT_CONVERSION = YES_AGGRESSIVE;
				CLANG_CXX_LANGUAGE_STANDARD = "gnu++17";
				CLANG_CXX_LIBRARY = "libc++";
				CLANG_ENABLE_MODULES = YES;
				CLANG_ENABLE_OBJC_ARC = YES;
				CLANG_ENABLE_OBJC_WEAK = YES;
				CLANG_WARN_BLOCK_CAPTURE_AUTORELEASING = YES;
				CLANG_WARN_BOOL_CONVERSION = YES;
				CLANG_WARN_COMMA = YES;
				CLANG_WARN_CONSTANT_CONVERSION = YES;
				CLANG_WARN_DEPRECATED_OBJC_IMPLEMENTATIONS = YES;
				CLANG_WARN_DIRECT_OBJC_ISA_USAGE = YES_ERROR;
				CLANG_WARN_DOCUMENTATION_COMMENTS = YES;
				CLANG_WARN_EMPTY_BODY = YES;
				CLANG_WARN_ENUM_CONVERSION = YES;
				CLANG_WARN_INFINITE_RECURSION = YES;
				CLANG_WARN_INT_CONVERSION = YES;
				CLANG_WARN_NON_LITERAL_NULL_CONVERSION = YES;
				CLANG_WARN_OBJC_IMPLICIT_RETAIN_SELF = YES;
				CLANG_WARN_OBJC_LITERAL_CONVERSION = YES;
				CLANG_WARN_OBJC_ROOT_CLASS = YES_ERROR;
				CLANG_WARN_QUOTED_INCLUDE_IN_FRAMEWORK_HEADER = YES;
				CLANG_WARN_RANGE_LOOP_ANALYSIS = YES;
				CLANG_WARN_STRICT_PROTOTYPES = YES;
				CLANG_WARN_SUSPICIOUS_MOVE = YES;
				CLANG_WARN_UNGUARDED_AVAILABILITY = YES_AGGRESSIVE;
				CLANG_WARN_UNREACHABLE_CODE = YES;
				CLANG_WARN__DUPLICATE_METHOD_MATCH = YES;
				COPY_PHASE_STRIP = NO;
				DEBUG_INFORMATION_FORMAT = dwarf;
				ENABLE_STRICT_OBJC_MSGSEND = YES;
				ENABLE_TESTABILITY = YES;
				GCC_C_LANGUAGE_STANDARD = gnu11;
				GCC_DYNAMIC_NO_PIC = NO;
				GCC_NO_COMMON_BLOCKS = YES;
				GCC_OPTIMIZATION_LEVEL = 0;
				GCC_PREPROCESSOR_DEFINITIONS = (
					"DEBUG=1",
					"$(inherited)",
				);
				GCC_WARN_64_TO_32_BIT_CONVERSION = YES;
				GCC_WARN_ABOUT_RETURN_TYPE = YES_ERROR;
				GCC_WARN_UNDECLARED_SELECTOR = YES;
				GCC_WARN_UNINITIALIZED_AUTOS = YES_AGGRESSIVE;
				GCC_WARN_UNUSED_FUNCTION = YES;
				GCC_WARN_UNUSED_VARIABLE = YES;
				IPHONEOS_DEPLOYMENT_TARGET = 15.0;
				MTL_ENABLE_DEBUG_INFO = INCLUDE_SOURCE;
				MTL_FAST_MATH = YES;
				ONLY_ACTIVE_ARCH = YES;
				SDKROOT = iphoneos;
				SWIFT_ACTIVE_COMPILATION_CONDITIONS = DEBUG;
				SWIFT_OPTIMIZATION_LEVEL = "-Onone";
			};
			name = Debug;
		};
		93A429B82727A7590060E56E /* Release */ = {
			isa = XCBuildConfiguration;
			buildSettings = {
				ALWAYS_SEARCH_USER_PATHS = NO;
				CLANG_ANALYZER_NONNULL = YES;
				CLANG_ANALYZER_NUMBER_OBJECT_CONVERSION = YES_AGGRESSIVE;
				CLANG_CXX_LANGUAGE_STANDARD = "gnu++17";
				CLANG_CXX_LIBRARY = "libc++";
				CLANG_ENABLE_MODULES = YES;
				CLANG_ENABLE_OBJC_ARC = YES;
				CLANG_ENABLE_OBJC_WEAK = YES;
				CLANG_WARN_BLOCK_CAPTURE_AUTORELEASING = YES;
				CLANG_WARN_BOOL_CONVERSION = YES;
				CLANG_WARN_COMMA = YES;
				CLANG_WARN_CONSTANT_CONVERSION = YES;
				CLANG_WARN_DEPRECATED_OBJC_IMPLEMENTATIONS = YES;
				CLANG_WARN_DIRECT_OBJC_ISA_USAGE = YES_ERROR;
				CLANG_WARN_DOCUMENTATION_COMMENTS = YES;
				CLANG_WARN_EMPTY_BODY = YES;
				CLANG_WARN_ENUM_CONVERSION = YES;
				CLANG_WARN_INFINITE_RECURSION = YES;
				CLANG_WARN_INT_CONVERSION = YES;
				CLANG_WARN_NON_LITERAL_NULL_CONVERSION = YES;
				CLANG_WARN_OBJC_IMPLICIT_RETAIN_SELF = YES;
				CLANG_WARN_OBJC_LITERAL_CONVERSION = YES;
				CLANG_WARN_OBJC_ROOT_CLASS = YES_ERROR;
				CLANG_WARN_QUOTED_INCLUDE_IN_FRAMEWORK_HEADER = YES;
				CLANG_WARN_RANGE_LOOP_ANALYSIS = YES;
				CLANG_WARN_STRICT_PROTOTYPES = YES;
				CLANG_WARN_SUSPICIOUS_MOVE = YES;
				CLANG_WARN_UNGUARDED_AVAILABILITY = YES_AGGRESSIVE;
				CLANG_WARN_UNREACHABLE_CODE = YES;
				CLANG_WARN__DUPLICATE_METHOD_MATCH = YES;
				COPY_PHASE_STRIP = NO;
				DEBUG_INFORMATION_FORMAT = "dwarf-with-dsym";
				ENABLE_NS_ASSERTIONS = NO;
				ENABLE_STRICT_OBJC_MSGSEND = YES;
				GCC_C_LANGUAGE_STANDARD = gnu11;
				GCC_NO_COMMON_BLOCKS = YES;
				GCC_WARN_64_TO_32_BIT_CONVERSION = YES;
				GCC_WARN_ABOUT_RETURN_TYPE = YES_ERROR;
				GCC_WARN_UNDECLARED_SELECTOR = YES;
				GCC_WARN_UNINITIALIZED_AUTOS = YES_AGGRESSIVE;
				GCC_WARN_UNUSED_FUNCTION = YES;
				GCC_WARN_UNUSED_VARIABLE = YES;
				IPHONEOS_DEPLOYMENT_TARGET = 15.0;
				MTL_ENABLE_DEBUG_INFO = NO;
				MTL_FAST_MATH = YES;
				SDKROOT = iphoneos;
				SWIFT_COMPILATION_MODE = wholemodule;
				SWIFT_OPTIMIZATION_LEVEL = "-O";
				VALIDATE_PRODUCT = YES;
			};
			name = Release;
		};
		93A429BA2727A7590060E56E /* Debug */ = {
			isa = XCBuildConfiguration;
			buildSettings = {
				ASSETCATALOG_COMPILER_APPICON_NAME = AppIcon;
				ASSETCATALOG_COMPILER_GLOBAL_ACCENT_COLOR_NAME = AccentColor;
				CODE_SIGN_STYLE = Automatic;
				CURRENT_PROJECT_VERSION = 1;
				DEVELOPMENT_ASSET_PATHS = "\"toDoList/Preview Content\"";
				ENABLE_PREVIEWS = YES;
				GENERATE_INFOPLIST_FILE = YES;
				INFOPLIST_KEY_UIApplicationSceneManifest_Generation = YES;
				INFOPLIST_KEY_UIApplicationSupportsIndirectInputEvents = YES;
				INFOPLIST_KEY_UILaunchScreen_Generation = YES;
				INFOPLIST_KEY_UISupportedInterfaceOrientations_iPad = "UIInterfaceOrientationPortrait UIInterfaceOrientationPortraitUpsideDown UIInterfaceOrientationLandscapeLeft UIInterfaceOrientationLandscapeRight";
				INFOPLIST_KEY_UISupportedInterfaceOrientations_iPhone = "UIInterfaceOrientationPortrait UIInterfaceOrientationLandscapeLeft UIInterfaceOrientationLandscapeRight";
				IPHONEOS_DEPLOYMENT_TARGET = 14.0;
				LD_RUNPATH_SEARCH_PATHS = (
					"$(inherited)",
					"@executable_path/Frameworks",
				);
				MARKETING_VERSION = 1.0;
				PRODUCT_BUNDLE_IDENTIFIER = tekim.toDoList;
				PRODUCT_NAME = "$(TARGET_NAME)";
				SWIFT_EMIT_LOC_STRINGS = YES;
				SWIFT_VERSION = 5.0;
				TARGETED_DEVICE_FAMILY = "1,2";
			};
			name = Debug;
		};
		93A429BB2727A7590060E56E /* Release */ = {
			isa = XCBuildConfiguration;
			buildSettings = {
				ASSETCATALOG_COMPILER_APPICON_NAME = AppIcon;
				ASSETCATALOG_COMPILER_GLOBAL_ACCENT_COLOR_NAME = AccentColor;
				CODE_SIGN_STYLE = Automatic;
				CURRENT_PROJECT_VERSION = 1;
				DEVELOPMENT_ASSET_PATHS = "\"toDoList/Preview Content\"";
				ENABLE_PREVIEWS = YES;
				GENERATE_INFOPLIST_FILE = YES;
				INFOPLIST_KEY_UIApplicationSceneManifest_Generation = YES;
				INFOPLIST_KEY_UIApplicationSupportsIndirectInputEvents = YES;
				INFOPLIST_KEY_UILaunchScreen_Generation = YES;
				INFOPLIST_KEY_UISupportedInterfaceOrientations_iPad = "UIInterfaceOrientationPortrait UIInterfaceOrientationPortraitUpsideDown UIInterfaceOrientationLandscapeLeft UIInterfaceOrientationLandscapeRight";
				INFOPLIST_KEY_UISupportedInterfaceOrientations_iPhone = "UIInterfaceOrientationPortrait UIInterfaceOrientationLandscapeLeft UIInterfaceOrientationLandscapeRight";
				IPHONEOS_DEPLOYMENT_TARGET = 14.0;
				LD_RUNPATH_SEARCH_PATHS = (
					"$(inherited)",
					"@executable_path/Frameworks",
				);
				MARKETING_VERSION = 1.0;
				PRODUCT_BUNDLE_IDENTIFIER = tekim.toDoList;
				PRODUCT_NAME = "$(TARGET_NAME)";
				SWIFT_EMIT_LOC_STRINGS = YES;
				SWIFT_VERSION = 5.0;
				TARGETED_DEVICE_FAMILY = "1,2";
			};
			name = Release;
		};
		93A429BD2727A7590060E56E /* Debug */ = {
			isa = XCBuildConfiguration;
			buildSettings = {
				ALWAYS_EMBED_SWIFT_STANDARD_LIBRARIES = YES;
				BUNDLE_LOADER = "$(TEST_HOST)";
				CODE_SIGN_STYLE = Automatic;
				CURRENT_PROJECT_VERSION = 1;
				GENERATE_INFOPLIST_FILE = YES;
				IPHONEOS_DEPLOYMENT_TARGET = 14.0;
				LD_RUNPATH_SEARCH_PATHS = (
					"$(inherited)",
					"@executable_path/Frameworks",
					"@loader_path/Frameworks",
				);
				MARKETING_VERSION = 1.0;
				PRODUCT_BUNDLE_IDENTIFIER = tekim.toDoListTests;
				PRODUCT_NAME = "$(TARGET_NAME)";
				SWIFT_EMIT_LOC_STRINGS = NO;
				SWIFT_VERSION = 5.0;
				TARGETED_DEVICE_FAMILY = "1,2";
				TEST_HOST = "$(BUILT_PRODUCTS_DIR)/toDoList.app/toDoList";
			};
			name = Debug;
		};
		93A429BE2727A7590060E56E /* Release */ = {
			isa = XCBuildConfiguration;
			buildSettings = {
				ALWAYS_EMBED_SWIFT_STANDARD_LIBRARIES = YES;
				BUNDLE_LOADER = "$(TEST_HOST)";
				CODE_SIGN_STYLE = Automatic;
				CURRENT_PROJECT_VERSION = 1;
				GENERATE_INFOPLIST_FILE = YES;
				IPHONEOS_DEPLOYMENT_TARGET = 14.0;
				LD_RUNPATH_SEARCH_PATHS = (
					"$(inherited)",
					"@executable_path/Frameworks",
					"@loader_path/Frameworks",
				);
				MARKETING_VERSION = 1.0;
				PRODUCT_BUNDLE_IDENTIFIER = tekim.toDoListTests;
				PRODUCT_NAME = "$(TARGET_NAME)";
				SWIFT_EMIT_LOC_STRINGS = NO;
				SWIFT_VERSION = 5.0;
				TARGETED_DEVICE_FAMILY = "1,2";
				TEST_HOST = "$(BUILT_PRODUCTS_DIR)/toDoList.app/toDoList";
			};
			name = Release;
		};
		93A429C02727A7590060E56E /* Debug */ = {
			isa = XCBuildConfiguration;
			buildSettings = {
				ALWAYS_EMBED_SWIFT_STANDARD_LIBRARIES = YES;
				CODE_SIGN_STYLE = Automatic;
				CURRENT_PROJECT_VERSION = 1;
				GENERATE_INFOPLIST_FILE = YES;
				LD_RUNPATH_SEARCH_PATHS = (
					"$(inherited)",
					"@executable_path/Frameworks",
					"@loader_path/Frameworks",
				);
				MARKETING_VERSION = 1.0;
				PRODUCT_BUNDLE_IDENTIFIER = tekim.toDoListUITests;
				PRODUCT_NAME = "$(TARGET_NAME)";
				SWIFT_EMIT_LOC_STRINGS = NO;
				SWIFT_VERSION = 5.0;
				TARGETED_DEVICE_FAMILY = "1,2";
				TEST_TARGET_NAME = toDoList;
			};
			name = Debug;
		};
		93A429C12727A7590060E56E /* Release */ = {
			isa = XCBuildConfiguration;
			buildSettings = {
				ALWAYS_EMBED_SWIFT_STANDARD_LIBRARIES = YES;
				CODE_SIGN_STYLE = Automatic;
				CURRENT_PROJECT_VERSION = 1;
				GENERATE_INFOPLIST_FILE = YES;
				LD_RUNPATH_SEARCH_PATHS = (
					"$(inherited)",
					"@executable_path/Frameworks",
					"@loader_path/Frameworks",
				);
				MARKETING_VERSION = 1.0;
				PRODUCT_BUNDLE_IDENTIFIER = tekim.toDoListUITests;
				PRODUCT_NAME = "$(TARGET_NAME)";
				SWIFT_EMIT_LOC_STRINGS = NO;
				SWIFT_VERSION = 5.0;
				TARGETED_DEVICE_FAMILY = "1,2";
				TEST_TARGET_NAME = toDoList;
			};
			name = Release;
		};
/* End XCBuildConfiguration section */

/* Begin XCConfigurationList section */
		93A4298B2727A7580060E56E /* Build configuration list for PBXProject "toDoList" */ = {
			isa = XCConfigurationList;
			buildConfigurations = (
				93A429B72727A7590060E56E /* Debug */,
				93A429B82727A7590060E56E /* Release */,
			);
			defaultConfigurationIsVisible = 0;
			defaultConfigurationName = Release;
		};
		93A429B92727A7590060E56E /* Build configuration list for PBXNativeTarget "toDoList" */ = {
			isa = XCConfigurationList;
			buildConfigurations = (
				93A429BA2727A7590060E56E /* Debug */,
				93A429BB2727A7590060E56E /* Release */,
			);
			defaultConfigurationIsVisible = 0;
			defaultConfigurationName = Release;
		};
		93A429BC2727A7590060E56E /* Build configuration list for PBXNativeTarget "toDoListTests" */ = {
			isa = XCConfigurationList;
			buildConfigurations = (
				93A429BD2727A7590060E56E /* Debug */,
				93A429BE2727A7590060E56E /* Release */,
			);
			defaultConfigurationIsVisible = 0;
			defaultConfigurationName = Release;
		};
		93A429BF2727A7590060E56E /* Build configuration list for PBXNativeTarget "toDoListUITests" */ = {
			isa = XCConfigurationList;
			buildConfigurations = (
				93A429C02727A7590060E56E /* Debug */,
				93A429C12727A7590060E56E /* Release */,
			);
			defaultConfigurationIsVisible = 0;
			defaultConfigurationName = Release;
		};
/* End XCConfigurationList section */

/* Begin XCVersionGroup section */
		93A4299E2727A7590060E56E /* toDoList.xcdatamodeld */ = {
			isa = XCVersionGroup;
			children = (
				93A4299F2727A7590060E56E /* toDoList.xcdatamodel */,
			);
			currentVersion = 93A4299F2727A7590060E56E /* toDoList.xcdatamodel */;
			path = toDoList.xcdatamodeld;
			sourceTree = "<group>";
			versionGroupType = wrapper.xcdatamodel;
		};
/* End XCVersionGroup section */
	};
	rootObject = 93A429882727A7580060E56E /* Project object */;
}
