// !$*UTF8*$!
{
	archiveVersion = 1;
	classes = {
	};
	objectVersion = 50;
	objects = {

/* Begin PBXBuildFile section */
		939652A226CB8566003CA708 /* AppDelegate.swift in Sources */ = {isa = PBXBuildFile; fileRef = 939652A126CB8566003CA708 /* AppDelegate.swift */; };
		939652A426CB8566003CA708 /* SceneDelegate.swift in Sources */ = {isa = PBXBuildFile; fileRef = 939652A326CB8566003CA708 /* SceneDelegate.swift */; };
		939652A626CB8566003CA708 /* ViewController.swift in Sources */ = {isa = PBXBuildFile; fileRef = 939652A526CB8566003CA708 /* ViewController.swift */; };
		939652A926CB8566003CA708 /* Main.storyboard in Resources */ = {isa = PBXBuildFile; fileRef = 939652A726CB8566003CA708 /* Main.storyboard */; };
		939652AB26CB8567003CA708 /* Assets.xcassets in Resources */ = {isa = PBXBuildFile; fileRef = 939652AA26CB8567003CA708 /* Assets.xcassets */; };
		939652AE26CB8567003CA708 /* LaunchScreen.storyboard in Resources */ = {isa = PBXBuildFile; fileRef = 939652AC26CB8567003CA708 /* LaunchScreen.storyboard */; };
		939652B926CB8568003CA708 /* PanGestureAppTests.swift in Sources */ = {isa = PBXBuildFile; fileRef = 939652B826CB8568003CA708 /* PanGestureAppTests.swift */; };
		939652C426CB8568003CA708 /* PanGestureAppUITests.swift in Sources */ = {isa = PBXBuildFile; fileRef = 939652C326CB8568003CA708 /* PanGestureAppUITests.swift */; };
		939652D226CB85BC003CA708 /* DragableView.swift in Sources */ = {isa = PBXBuildFile; fileRef = 939652D126CB85BC003CA708 /* DragableView.swift */; };
/* End PBXBuildFile section */

/* Begin PBXContainerItemProxy section */
		939652B526CB8568003CA708 /* PBXContainerItemProxy */ = {
			isa = PBXContainerItemProxy;
			containerPortal = 9396529626CB8566003CA708 /* Project object */;
			proxyType = 1;
			remoteGlobalIDString = 9396529D26CB8566003CA708;
			remoteInfo = PanGestureApp;
		};
		939652C026CB8568003CA708 /* PBXContainerItemProxy */ = {
			isa = PBXContainerItemProxy;
			containerPortal = 9396529626CB8566003CA708 /* Project object */;
			proxyType = 1;
			remoteGlobalIDString = 9396529D26CB8566003CA708;
			remoteInfo = PanGestureApp;
		};
/* End PBXContainerItemProxy section */

/* Begin PBXFileReference section */
		9396529E26CB8566003CA708 /* PanGestureApp.app */ = {isa = PBXFileReference; explicitFileType = wrapper.application; includeInIndex = 0; path = PanGestureApp.app; sourceTree = BUILT_PRODUCTS_DIR; };
		939652A126CB8566003CA708 /* AppDelegate.swift */ = {isa = PBXFileReference; lastKnownFileType = sourcecode.swift; path = AppDelegate.swift; sourceTree = "<group>"; };
		939652A326CB8566003CA708 /* SceneDelegate.swift */ = {isa = PBXFileReference; lastKnownFileType = sourcecode.swift; path = SceneDelegate.swift; sourceTree = "<group>"; };
		939652A526CB8566003CA708 /* ViewController.swift */ = {isa = PBXFileReference; lastKnownFileType = sourcecode.swift; path = ViewController.swift; sourceTree = "<group>"; };
		939652A826CB8566003CA708 /* Base */ = {isa = PBXFileReference; lastKnownFileType = file.storyboard; name = Base; path = Base.lproj/Main.storyboard; sourceTree = "<group>"; };
		939652AA26CB8567003CA708 /* Assets.xcassets */ = {isa = PBXFileReference; lastKnownFileType = folder.assetcatalog; path = Assets.xcassets; sourceTree = "<group>"; };
		939652AD26CB8567003CA708 /* Base */ = {isa = PBXFileReference; lastKnownFileType = file.storyboard; name = Base; path = Base.lproj/LaunchScreen.storyboard; sourceTree = "<group>"; };
		939652AF26CB8567003CA708 /* Info.plist */ = {isa = PBXFileReference; lastKnownFileType = text.plist.xml; path = Info.plist; sourceTree = "<group>"; };
		939652B426CB8568003CA708 /* PanGestureAppTests.xctest */ = {isa = PBXFileReference; explicitFileType = wrapper.cfbundle; includeInIndex = 0; path = PanGestureAppTests.xctest; sourceTree = BUILT_PRODUCTS_DIR; };
		939652B826CB8568003CA708 /* PanGestureAppTests.swift */ = {isa = PBXFileReference; lastKnownFileType = sourcecode.swift; path = PanGestureAppTests.swift; sourceTree = "<group>"; };
		939652BA26CB8568003CA708 /* Info.plist */ = {isa = PBXFileReference; lastKnownFileType = text.plist.xml; path = Info.plist; sourceTree = "<group>"; };
		939652BF26CB8568003CA708 /* PanGestureAppUITests.xctest */ = {isa = PBXFileReference; explicitFileType = wrapper.cfbundle; includeInIndex = 0; path = PanGestureAppUITests.xctest; sourceTree = BUILT_PRODUCTS_DIR; };
		939652C326CB8568003CA708 /* PanGestureAppUITests.swift */ = {isa = PBXFileReference; lastKnownFileType = sourcecode.swift; path = PanGestureAppUITests.swift; sourceTree = "<group>"; };
		939652C526CB8568003CA708 /* Info.plist */ = {isa = PBXFileReference; lastKnownFileType = text.plist.xml; path = Info.plist; sourceTree = "<group>"; };
		939652D126CB85BC003CA708 /* DragableView.swift */ = {isa = PBXFileReference; lastKnownFileType = sourcecode.swift; path = DragableView.swift; sourceTree = "<group>"; };
/* End PBXFileReference section */

/* Begin PBXFrameworksBuildPhase section */
		9396529B26CB8566003CA708 /* Frameworks */ = {
			isa = PBXFrameworksBuildPhase;
			buildActionMask = 2147483647;
			files = (
			);
			runOnlyForDeploymentPostprocessing = 0;
		};
		939652B126CB8568003CA708 /* Frameworks */ = {
			isa = PBXFrameworksBuildPhase;
			buildActionMask = 2147483647;
			files = (
			);
			runOnlyForDeploymentPostprocessing = 0;
		};
		939652BC26CB8568003CA708 /* Frameworks */ = {
			isa = PBXFrameworksBuildPhase;
			buildActionMask = 2147483647;
			files = (
			);
			runOnlyForDeploymentPostprocessing = 0;
		};
/* End PBXFrameworksBuildPhase section */

/* Begin PBXGroup section */
		9396529526CB8566003CA708 = {
			isa = PBXGroup;
			children = (
				939652A026CB8566003CA708 /* PanGestureApp */,
				939652B726CB8568003CA708 /* PanGestureAppTests */,
				939652C226CB8568003CA708 /* PanGestureAppUITests */,
				9396529F26CB8566003CA708 /* Products */,
			);
			sourceTree = "<group>";
		};
		9396529F26CB8566003CA708 /* Products */ = {
			isa = PBXGroup;
			children = (
				9396529E26CB8566003CA708 /* PanGestureApp.app */,
				939652B426CB8568003CA708 /* PanGestureAppTests.xctest */,
				939652BF26CB8568003CA708 /* PanGestureAppUITests.xctest */,
			);
			name = Products;
			sourceTree = "<group>";
		};
		939652A026CB8566003CA708 /* PanGestureApp */ = {
			isa = PBXGroup;
			children = (
				939652A126CB8566003CA708 /* AppDelegate.swift */,
				939652A326CB8566003CA708 /* SceneDelegate.swift */,
				939652A526CB8566003CA708 /* ViewController.swift */,
				939652D126CB85BC003CA708 /* DragableView.swift */,
				939652A726CB8566003CA708 /* Main.storyboard */,
				939652AA26CB8567003CA708 /* Assets.xcassets */,
				939652AC26CB8567003CA708 /* LaunchScreen.storyboard */,
				939652AF26CB8567003CA708 /* Info.plist */,
			);
			path = PanGestureApp;
			sourceTree = "<group>";
		};
		939652B726CB8568003CA708 /* PanGestureAppTests */ = {
			isa = PBXGroup;
			children = (
				939652B826CB8568003CA708 /* PanGestureAppTests.swift */,
				939652BA26CB8568003CA708 /* Info.plist */,
			);
			path = PanGestureAppTests;
			sourceTree = "<group>";
		};
		939652C226CB8568003CA708 /* PanGestureAppUITests */ = {
			isa = PBXGroup;
			children = (
				939652C326CB8568003CA708 /* PanGestureAppUITests.swift */,
				939652C526CB8568003CA708 /* Info.plist */,
			);
			path = PanGestureAppUITests;
			sourceTree = "<group>";
		};
/* End PBXGroup section */

/* Begin PBXNativeTarget section */
		9396529D26CB8566003CA708 /* PanGestureApp */ = {
			isa = PBXNativeTarget;
			buildConfigurationList = 939652C826CB8568003CA708 /* Build configuration list for PBXNativeTarget "PanGestureApp" */;
			buildPhases = (
				9396529A26CB8566003CA708 /* Sources */,
				9396529B26CB8566003CA708 /* Frameworks */,
				9396529C26CB8566003CA708 /* Resources */,
			);
			buildRules = (
			);
			dependencies = (
			);
			name = PanGestureApp;
			productName = PanGestureApp;
			productReference = 9396529E26CB8566003CA708 /* PanGestureApp.app */;
			productType = "com.apple.product-type.application";
		};
		939652B326CB8568003CA708 /* PanGestureAppTests */ = {
			isa = PBXNativeTarget;
			buildConfigurationList = 939652CB26CB8568003CA708 /* Build configuration list for PBXNativeTarget "PanGestureAppTests" */;
			buildPhases = (
				939652B026CB8568003CA708 /* Sources */,
				939652B126CB8568003CA708 /* Frameworks */,
				939652B226CB8568003CA708 /* Resources */,
			);
			buildRules = (
			);
			dependencies = (
				939652B626CB8568003CA708 /* PBXTargetDependency */,
			);
			name = PanGestureAppTests;
			productName = PanGestureAppTests;
			productReference = 939652B426CB8568003CA708 /* PanGestureAppTests.xctest */;
			productType = "com.apple.product-type.bundle.unit-test";
		};
		939652BE26CB8568003CA708 /* PanGestureAppUITests */ = {
			isa = PBXNativeTarget;
			buildConfigurationList = 939652CE26CB8568003CA708 /* Build configuration list for PBXNativeTarget "PanGestureAppUITests" */;
			buildPhases = (
				939652BB26CB8568003CA708 /* Sources */,
				939652BC26CB8568003CA708 /* Frameworks */,
				939652BD26CB8568003CA708 /* Resources */,
			);
			buildRules = (
			);
			dependencies = (
				939652C126CB8568003CA708 /* PBXTargetDependency */,
			);
			name = PanGestureAppUITests;
			productName = PanGestureAppUITests;
			productReference = 939652BF26CB8568003CA708 /* PanGestureAppUITests.xctest */;
			productType = "com.apple.product-type.bundle.ui-testing";
		};
/* End PBXNativeTarget section */

/* Begin PBXProject section */
		9396529626CB8566003CA708 /* Project object */ = {
			isa = PBXProject;
			attributes = {
				LastSwiftUpdateCheck = 1250;
				LastUpgradeCheck = 1250;
				TargetAttributes = {
					9396529D26CB8566003CA708 = {
						CreatedOnToolsVersion = 12.5.1;
					};
					939652B326CB8568003CA708 = {
						CreatedOnToolsVersion = 12.5.1;
						TestTargetID = 9396529D26CB8566003CA708;
					};
					939652BE26CB8568003CA708 = {
						CreatedOnToolsVersion = 12.5.1;
						TestTargetID = 9396529D26CB8566003CA708;
					};
				};
			};
			buildConfigurationList = 9396529926CB8566003CA708 /* Build configuration list for PBXProject "PanGestureApp" */;
			compatibilityVersion = "Xcode 9.3";
			developmentRegion = en;
			hasScannedForEncodings = 0;
			knownRegions = (
				en,
				Base,
			);
			mainGroup = 9396529526CB8566003CA708;
			productRefGroup = 9396529F26CB8566003CA708 /* Products */;
			projectDirPath = "";
			projectRoot = "";
			targets = (
				9396529D26CB8566003CA708 /* PanGestureApp */,
				939652B326CB8568003CA708 /* PanGestureAppTests */,
				939652BE26CB8568003CA708 /* PanGestureAppUITests */,
			);
		};
/* End PBXProject section */

/* Begin PBXResourcesBuildPhase section */
		9396529C26CB8566003CA708 /* Resources */ = {
			isa = PBXResourcesBuildPhase;
			buildActionMask = 2147483647;
			files = (
				939652AE26CB8567003CA708 /* LaunchScreen.storyboard in Resources */,
				939652AB26CB8567003CA708 /* Assets.xcassets in Resources */,
				939652A926CB8566003CA708 /* Main.storyboard in Resources */,
			);
			runOnlyForDeploymentPostprocessing = 0;
		};
		939652B226CB8568003CA708 /* Resources */ = {
			isa = PBXResourcesBuildPhase;
			buildActionMask = 2147483647;
			files = (
			);
			runOnlyForDeploymentPostprocessing = 0;
		};
		939652BD26CB8568003CA708 /* Resources */ = {
			isa = PBXResourcesBuildPhase;
			buildActionMask = 2147483647;
			files = (
			);
			runOnlyForDeploymentPostprocessing = 0;
		};
/* End PBXResourcesBuildPhase section */

/* Begin PBXSourcesBuildPhase section */
		9396529A26CB8566003CA708 /* Sources */ = {
			isa = PBXSourcesBuildPhase;
			buildActionMask = 2147483647;
			files = (
				939652A626CB8566003CA708 /* ViewController.swift in Sources */,
				939652A226CB8566003CA708 /* AppDelegate.swift in Sources */,
				939652D226CB85BC003CA708 /* DragableView.swift in Sources */,
				939652A426CB8566003CA708 /* SceneDelegate.swift in Sources */,
			);
			runOnlyForDeploymentPostprocessing = 0;
		};
		939652B026CB8568003CA708 /* Sources */ = {
			isa = PBXSourcesBuildPhase;
			buildActionMask = 2147483647;
			files = (
				939652B926CB8568003CA708 /* PanGestureAppTests.swift in Sources */,
			);
			runOnlyForDeploymentPostprocessing = 0;
		};
		939652BB26CB8568003CA708 /* Sources */ = {
			isa = PBXSourcesBuildPhase;
			buildActionMask = 2147483647;
			files = (
				939652C426CB8568003CA708 /* PanGestureAppUITests.swift in Sources */,
			);
			runOnlyForDeploymentPostprocessing = 0;
		};
/* End PBXSourcesBuildPhase section */

/* Begin PBXTargetDependency section */
		939652B626CB8568003CA708 /* PBXTargetDependency */ = {
			isa = PBXTargetDependency;
			target = 9396529D26CB8566003CA708 /* PanGestureApp */;
			targetProxy = 939652B526CB8568003CA708 /* PBXContainerItemProxy */;
		};
		939652C126CB8568003CA708 /* PBXTargetDependency */ = {
			isa = PBXTargetDependency;
			target = 9396529D26CB8566003CA708 /* PanGestureApp */;
			targetProxy = 939652C026CB8568003CA708 /* PBXContainerItemProxy */;
		};
/* End PBXTargetDependency section */

/* Begin PBXVariantGroup section */
		939652A726CB8566003CA708 /* Main.storyboard */ = {
			isa = PBXVariantGroup;
			children = (
				939652A826CB8566003CA708 /* Base */,
			);
			name = Main.storyboard;
			sourceTree = "<group>";
		};
		939652AC26CB8567003CA708 /* LaunchScreen.storyboard */ = {
			isa = PBXVariantGroup;
			children = (
				939652AD26CB8567003CA708 /* Base */,
			);
			name = LaunchScreen.storyboard;
			sourceTree = "<group>";
		};
/* End PBXVariantGroup section */

/* Begin XCBuildConfiguration section */
		939652C626CB8568003CA708 /* Debug */ = {
			isa = XCBuildConfiguration;
			buildSettings = {
				ALWAYS_SEARCH_USER_PATHS = NO;
				CLANG_ANALYZER_NONNULL = YES;
				CLANG_ANALYZER_NUMBER_OBJECT_CONVERSION = YES_AGGRESSIVE;
				CLANG_CXX_LANGUAGE_STANDARD = "gnu++14";
				CLANG_CXX_LIBRARY = "libc++";
				CLANG_ENABLE_MODULES = YES;
				CLANG_ENABLE_OBJC_ARC = YES;
				CLANG_ENABLE_OBJC_WEAK = YES;
				CLANG_WARN_BLOCK_CAPTURE_AUTORELEASING = YES;
				CLANG_WARN_BOOL_CONVERSION = YES;
				CLANG_WARN_COMMA = YES;
				CLANG_WARN_CONSTANT_CONVERSION = YES;
				CLANG_WARN_DEPRECATED_OBJC_IMPLEMENTATIONS = YES;
				CLANG_WARN_DIRECT_OBJC_ISA_USAGE = YES_ERROR;
				CLANG_WARN_DOCUMENTATION_COMMENTS = YES;
				CLANG_WARN_EMPTY_BODY = YES;
				CLANG_WARN_ENUM_CONVERSION = YES;
				CLANG_WARN_INFINITE_RECURSION = YES;
				CLANG_WARN_INT_CONVERSION = YES;
				CLANG_WARN_NON_LITERAL_NULL_CONVERSION = YES;
				CLANG_WARN_OBJC_IMPLICIT_RETAIN_SELF = YES;
				CLANG_WARN_OBJC_LITERAL_CONVERSION = YES;
				CLANG_WARN_OBJC_ROOT_CLASS = YES_ERROR;
				CLANG_WARN_QUOTED_INCLUDE_IN_FRAMEWORK_HEADER = YES;
				CLANG_WARN_RANGE_LOOP_ANALYSIS = YES;
				CLANG_WARN_STRICT_PROTOTYPES = YES;
				CLANG_WARN_SUSPICIOUS_MOVE = YES;
				CLANG_WARN_UNGUARDED_AVAILABILITY = YES_AGGRESSIVE;
				CLANG_WARN_UNREACHABLE_CODE = YES;
				CLANG_WARN__DUPLICATE_METHOD_MATCH = YES;
				COPY_PHASE_STRIP = NO;
				DEBUG_INFORMATION_FORMAT = dwarf;
				ENABLE_STRICT_OBJC_MSGSEND = YES;
				ENABLE_TESTABILITY = YES;
				GCC_C_LANGUAGE_STANDARD = gnu11;
				GCC_DYNAMIC_NO_PIC = NO;
				GCC_NO_COMMON_BLOCKS = YES;
				GCC_OPTIMIZATION_LEVEL = 0;
				GCC_PREPROCESSOR_DEFINITIONS = (
					"DEBUG=1",
					"$(inherited)",
				);
				GCC_WARN_64_TO_32_BIT_CONVERSION = YES;
				GCC_WARN_ABOUT_RETURN_TYPE = YES_ERROR;
				GCC_WARN_UNDECLARED_SELECTOR = YES;
				GCC_WARN_UNINITIALIZED_AUTOS = YES_AGGRESSIVE;
				GCC_WARN_UNUSED_FUNCTION = YES;
				GCC_WARN_UNUSED_VARIABLE = YES;
				IPHONEOS_DEPLOYMENT_TARGET = 14.5;
				MTL_ENABLE_DEBUG_INFO = INCLUDE_SOURCE;
				MTL_FAST_MATH = YES;
				ONLY_ACTIVE_ARCH = YES;
				SDKROOT = iphoneos;
				SWIFT_ACTIVE_COMPILATION_CONDITIONS = DEBUG;
				SWIFT_OPTIMIZATION_LEVEL = "-Onone";
			};
			name = Debug;
		};
		939652C726CB8568003CA708 /* Release */ = {
			isa = XCBuildConfiguration;
			buildSettings = {
				ALWAYS_SEARCH_USER_PATHS = NO;
				CLANG_ANALYZER_NONNULL = YES;
				CLANG_ANALYZER_NUMBER_OBJECT_CONVERSION = YES_AGGRESSIVE;
				CLANG_CXX_LANGUAGE_STANDARD = "gnu++14";
				CLANG_CXX_LIBRARY = "libc++";
				CLANG_ENABLE_MODULES = YES;
				CLANG_ENABLE_OBJC_ARC = YES;
				CLANG_ENABLE_OBJC_WEAK = YES;
				CLANG_WARN_BLOCK_CAPTURE_AUTORELEASING = YES;
				CLANG_WARN_BOOL_CONVERSION = YES;
				CLANG_WARN_COMMA = YES;
				CLANG_WARN_CONSTANT_CONVERSION = YES;
				CLANG_WARN_DEPRECATED_OBJC_IMPLEMENTATIONS = YES;
				CLANG_WARN_DIRECT_OBJC_ISA_USAGE = YES_ERROR;
				CLANG_WARN_DOCUMENTATION_COMMENTS = YES;
				CLANG_WARN_EMPTY_BODY = YES;
				CLANG_WARN_ENUM_CONVERSION = YES;
				CLANG_WARN_INFINITE_RECURSION = YES;
				CLANG_WARN_INT_CONVERSION = YES;
				CLANG_WARN_NON_LITERAL_NULL_CONVERSION = YES;
				CLANG_WARN_OBJC_IMPLICIT_RETAIN_SELF = YES;
				CLANG_WARN_OBJC_LITERAL_CONVERSION = YES;
				CLANG_WARN_OBJC_ROOT_CLASS = YES_ERROR;
				CLANG_WARN_QUOTED_INCLUDE_IN_FRAMEWORK_HEADER = YES;
				CLANG_WARN_RANGE_LOOP_ANALYSIS = YES;
				CLANG_WARN_STRICT_PROTOTYPES = YES;
				CLANG_WARN_SUSPICIOUS_MOVE = YES;
				CLANG_WARN_UNGUARDED_AVAILABILITY = YES_AGGRESSIVE;
				CLANG_WARN_UNREACHABLE_CODE = YES;
				CLANG_WARN__DUPLICATE_METHOD_MATCH = YES;
				COPY_PHASE_STRIP = NO;
				DEBUG_INFORMATION_FORMAT = "dwarf-with-dsym";
				ENABLE_NS_ASSERTIONS = NO;
				ENABLE_STRICT_OBJC_MSGSEND = YES;
				GCC_C_LANGUAGE_STANDARD = gnu11;
				GCC_NO_COMMON_BLOCKS = YES;
				GCC_WARN_64_TO_32_BIT_CONVERSION = YES;
				GCC_WARN_ABOUT_RETURN_TYPE = YES_ERROR;
				GCC_WARN_UNDECLARED_SELECTOR = YES;
				GCC_WARN_UNINITIALIZED_AUTOS = YES_AGGRESSIVE;
				GCC_WARN_UNUSED_FUNCTION = YES;
				GCC_WARN_UNUSED_VARIABLE = YES;
				IPHONEOS_DEPLOYMENT_TARGET = 14.5;
				MTL_ENABLE_DEBUG_INFO = NO;
				MTL_FAST_MATH = YES;
				SDKROOT = iphoneos;
				SWIFT_COMPILATION_MODE = wholemodule;
				SWIFT_OPTIMIZATION_LEVEL = "-O";
				VALIDATE_PRODUCT = YES;
			};
			name = Release;
		};
		939652C926CB8568003CA708 /* Debug */ = {
			isa = XCBuildConfiguration;
			buildSettings = {
				ASSETCATALOG_COMPILER_APPICON_NAME = AppIcon;
				ASSETCATALOG_COMPILER_GLOBAL_ACCENT_COLOR_NAME = AccentColor;
				CODE_SIGN_STYLE = Automatic;
				INFOPLIST_FILE = PanGestureApp/Info.plist;
				LD_RUNPATH_SEARCH_PATHS = (
					"$(inherited)",
					"@executable_path/Frameworks",
				);
				PRODUCT_BUNDLE_IDENTIFIER = kr.co.test.PanGestureApp;
				PRODUCT_NAME = "$(TARGET_NAME)";
				SWIFT_VERSION = 5.0;
				TARGETED_DEVICE_FAMILY = "1,2";
			};
			name = Debug;
		};
		939652CA26CB8568003CA708 /* Release */ = {
			isa = XCBuildConfiguration;
			buildSettings = {
				ASSETCATALOG_COMPILER_APPICON_NAME = AppIcon;
				ASSETCATALOG_COMPILER_GLOBAL_ACCENT_COLOR_NAME = AccentColor;
				CODE_SIGN_STYLE = Automatic;
				INFOPLIST_FILE = PanGestureApp/Info.plist;
				LD_RUNPATH_SEARCH_PATHS = (
					"$(inherited)",
					"@executable_path/Frameworks",
				);
				PRODUCT_BUNDLE_IDENTIFIER = kr.co.test.PanGestureApp;
				PRODUCT_NAME = "$(TARGET_NAME)";
				SWIFT_VERSION = 5.0;
				TARGETED_DEVICE_FAMILY = "1,2";
			};
			name = Release;
		};
		939652CC26CB8568003CA708 /* Debug */ = {
			isa = XCBuildConfiguration;
			buildSettings = {
				ALWAYS_EMBED_SWIFT_STANDARD_LIBRARIES = YES;
				BUNDLE_LOADER = "$(TEST_HOST)";
				CODE_SIGN_STYLE = Automatic;
				INFOPLIST_FILE = PanGestureAppTests/Info.plist;
				IPHONEOS_DEPLOYMENT_TARGET = 14.5;
				LD_RUNPATH_SEARCH_PATHS = (
					"$(inherited)",
					"@executable_path/Frameworks",
					"@loader_path/Frameworks",
				);
				PRODUCT_BUNDLE_IDENTIFIER = kr.co.test.PanGestureAppTests;
				PRODUCT_NAME = "$(TARGET_NAME)";
				SWIFT_VERSION = 5.0;
				TARGETED_DEVICE_FAMILY = "1,2";
				TEST_HOST = "$(BUILT_PRODUCTS_DIR)/PanGestureApp.app/PanGestureApp";
			};
			name = Debug;
		};
		939652CD26CB8568003CA708 /* Release */ = {
			isa = XCBuildConfiguration;
			buildSettings = {
				ALWAYS_EMBED_SWIFT_STANDARD_LIBRARIES = YES;
				BUNDLE_LOADER = "$(TEST_HOST)";
				CODE_SIGN_STYLE = Automatic;
				INFOPLIST_FILE = PanGestureAppTests/Info.plist;
				IPHONEOS_DEPLOYMENT_TARGET = 14.5;
				LD_RUNPATH_SEARCH_PATHS = (
					"$(inherited)",
					"@executable_path/Frameworks",
					"@loader_path/Frameworks",
				);
				PRODUCT_BUNDLE_IDENTIFIER = kr.co.test.PanGestureAppTests;
				PRODUCT_NAME = "$(TARGET_NAME)";
				SWIFT_VERSION = 5.0;
				TARGETED_DEVICE_FAMILY = "1,2";
				TEST_HOST = "$(BUILT_PRODUCTS_DIR)/PanGestureApp.app/PanGestureApp";
			};
			name = Release;
		};
		939652CF26CB8568003CA708 /* Debug */ = {
			isa = XCBuildConfiguration;
			buildSettings = {
				ALWAYS_EMBED_SWIFT_STANDARD_LIBRARIES = YES;
				CODE_SIGN_STYLE = Automatic;
				INFOPLIST_FILE = PanGestureAppUITests/Info.plist;
				LD_RUNPATH_SEARCH_PATHS = (
					"$(inherited)",
					"@executable_path/Frameworks",
					"@loader_path/Frameworks",
				);
				PRODUCT_BUNDLE_IDENTIFIER = kr.co.test.PanGestureAppUITests;
				PRODUCT_NAME = "$(TARGET_NAME)";
				SWIFT_VERSION = 5.0;
				TARGETED_DEVICE_FAMILY = "1,2";
				TEST_TARGET_NAME = PanGestureApp;
			};
			name = Debug;
		};
		939652D026CB8568003CA708 /* Release */ = {
			isa = XCBuildConfiguration;
			buildSettings = {
				ALWAYS_EMBED_SWIFT_STANDARD_LIBRARIES = YES;
				CODE_SIGN_STYLE = Automatic;
				INFOPLIST_FILE = PanGestureAppUITests/Info.plist;
				LD_RUNPATH_SEARCH_PATHS = (
					"$(inherited)",
					"@executable_path/Frameworks",
					"@loader_path/Frameworks",
				);
				PRODUCT_BUNDLE_IDENTIFIER = kr.co.test.PanGestureAppUITests;
				PRODUCT_NAME = "$(TARGET_NAME)";
				SWIFT_VERSION = 5.0;
				TARGETED_DEVICE_FAMILY = "1,2";
				TEST_TARGET_NAME = PanGestureApp;
			};
			name = Release;
		};
/* End XCBuildConfiguration section */

/* Begin XCConfigurationList section */
		9396529926CB8566003CA708 /* Build configuration list for PBXProject "PanGestureApp" */ = {
			isa = XCConfigurationList;
			buildConfigurations = (
				939652C626CB8568003CA708 /* Debug */,
				939652C726CB8568003CA708 /* Release */,
			);
			defaultConfigurationIsVisible = 0;
			defaultConfigurationName = Release;
		};
		939652C826CB8568003CA708 /* Build configuration list for PBXNativeTarget "PanGestureApp" */ = {
			isa = XCConfigurationList;
			buildConfigurations = (
				939652C926CB8568003CA708 /* Debug */,
				939652CA26CB8568003CA708 /* Release */,
			);
			defaultConfigurationIsVisible = 0;
			defaultConfigurationName = Release;
		};
		939652CB26CB8568003CA708 /* Build configuration list for PBXNativeTarget "PanGestureAppTests" */ = {
			isa = XCConfigurationList;
			buildConfigurations = (
				939652CC26CB8568003CA708 /* Debug */,
				939652CD26CB8568003CA708 /* Release */,
			);
			defaultConfigurationIsVisible = 0;
			defaultConfigurationName = Release;
		};
		939652CE26CB8568003CA708 /* Build configuration list for PBXNativeTarget "PanGestureAppUITests" */ = {
			isa = XCConfigurationList;
			buildConfigurations = (
				939652CF26CB8568003CA708 /* Debug */,
				939652D026CB8568003CA708 /* Release */,
			);
			defaultConfigurationIsVisible = 0;
			defaultConfigurationName = Release;
		};
/* End XCConfigurationList section */
	};
	rootObject = 9396529626CB8566003CA708 /* Project object */;
}
