// !$*UTF8*$!
{
	archiveVersion = 1;
	classes = {
	};
	objectVersion = 50;
	objects = {

/* Begin PBXBuildFile section */
		93BB8BD026DF44D900DD386C /* AppDelegate.swift in Sources */ = {isa = PBXBuildFile; fileRef = 93BB8BCF26DF44D900DD386C /* AppDelegate.swift */; };
		93BB8BD226DF44D900DD386C /* SceneDelegate.swift in Sources */ = {isa = PBXBuildFile; fileRef = 93BB8BD126DF44D900DD386C /* SceneDelegate.swift */; };
		93BB8BD426DF44D900DD386C /* ViewController.swift in Sources */ = {isa = PBXBuildFile; fileRef = 93BB8BD326DF44D900DD386C /* ViewController.swift */; };
		93BB8BD726DF44D900DD386C /* Main.storyboard in Resources */ = {isa = PBXBuildFile; fileRef = 93BB8BD526DF44D900DD386C /* Main.storyboard */; };
		93BB8BDA26DF44D900DD386C /* GDA.xcdatamodeld in Sources */ = {isa = PBXBuildFile; fileRef = 93BB8BD826DF44D900DD386C /* GDA.xcdatamodeld */; };
		93BB8BDC26DF44DB00DD386C /* Assets.xcassets in Resources */ = {isa = PBXBuildFile; fileRef = 93BB8BDB26DF44DB00DD386C /* Assets.xcassets */; };
		93BB8BDF26DF44DB00DD386C /* LaunchScreen.storyboard in Resources */ = {isa = PBXBuildFile; fileRef = 93BB8BDD26DF44DB00DD386C /* LaunchScreen.storyboard */; };
		93BB8BEA26DF44DB00DD386C /* GDATests.swift in Sources */ = {isa = PBXBuildFile; fileRef = 93BB8BE926DF44DB00DD386C /* GDATests.swift */; };
		93BB8BF526DF44DB00DD386C /* GDAUITests.swift in Sources */ = {isa = PBXBuildFile; fileRef = 93BB8BF426DF44DB00DD386C /* GDAUITests.swift */; };
		93BB8C0326DF4E5B00DD386C /* GameCell.swift in Sources */ = {isa = PBXBuildFile; fileRef = 93BB8C0226DF4E5B00DD386C /* GameCell.swift */; };
/* End PBXBuildFile section */

/* Begin PBXContainerItemProxy section */
		93BB8BE626DF44DB00DD386C /* PBXContainerItemProxy */ = {
			isa = PBXContainerItemProxy;
			containerPortal = 93BB8BC426DF44D900DD386C /* Project object */;
			proxyType = 1;
			remoteGlobalIDString = 93BB8BCB26DF44D900DD386C;
			remoteInfo = GDA;
		};
		93BB8BF126DF44DB00DD386C /* PBXContainerItemProxy */ = {
			isa = PBXContainerItemProxy;
			containerPortal = 93BB8BC426DF44D900DD386C /* Project object */;
			proxyType = 1;
			remoteGlobalIDString = 93BB8BCB26DF44D900DD386C;
			remoteInfo = GDA;
		};
/* End PBXContainerItemProxy section */

/* Begin PBXFileReference section */
		93BB8BCC26DF44D900DD386C /* GDA.app */ = {isa = PBXFileReference; explicitFileType = wrapper.application; includeInIndex = 0; path = GDA.app; sourceTree = BUILT_PRODUCTS_DIR; };
		93BB8BCF26DF44D900DD386C /* AppDelegate.swift */ = {isa = PBXFileReference; lastKnownFileType = sourcecode.swift; path = AppDelegate.swift; sourceTree = "<group>"; };
		93BB8BD126DF44D900DD386C /* SceneDelegate.swift */ = {isa = PBXFileReference; lastKnownFileType = sourcecode.swift; path = SceneDelegate.swift; sourceTree = "<group>"; };
		93BB8BD326DF44D900DD386C /* ViewController.swift */ = {isa = PBXFileReference; lastKnownFileType = sourcecode.swift; path = ViewController.swift; sourceTree = "<group>"; };
		93BB8BD626DF44D900DD386C /* Base */ = {isa = PBXFileReference; lastKnownFileType = file.storyboard; name = Base; path = Base.lproj/Main.storyboard; sourceTree = "<group>"; };
		93BB8BD926DF44D900DD386C /* GDA.xcdatamodel */ = {isa = PBXFileReference; lastKnownFileType = wrapper.xcdatamodel; path = GDA.xcdatamodel; sourceTree = "<group>"; };
		93BB8BDB26DF44DB00DD386C /* Assets.xcassets */ = {isa = PBXFileReference; lastKnownFileType = folder.assetcatalog; path = Assets.xcassets; sourceTree = "<group>"; };
		93BB8BDE26DF44DB00DD386C /* Base */ = {isa = PBXFileReference; lastKnownFileType = file.storyboard; name = Base; path = Base.lproj/LaunchScreen.storyboard; sourceTree = "<group>"; };
		93BB8BE026DF44DB00DD386C /* Info.plist */ = {isa = PBXFileReference; lastKnownFileType = text.plist.xml; path = Info.plist; sourceTree = "<group>"; };
		93BB8BE526DF44DB00DD386C /* GDATests.xctest */ = {isa = PBXFileReference; explicitFileType = wrapper.cfbundle; includeInIndex = 0; path = GDATests.xctest; sourceTree = BUILT_PRODUCTS_DIR; };
		93BB8BE926DF44DB00DD386C /* GDATests.swift */ = {isa = PBXFileReference; lastKnownFileType = sourcecode.swift; path = GDATests.swift; sourceTree = "<group>"; };
		93BB8BEB26DF44DB00DD386C /* Info.plist */ = {isa = PBXFileReference; lastKnownFileType = text.plist.xml; path = Info.plist; sourceTree = "<group>"; };
		93BB8BF026DF44DB00DD386C /* GDAUITests.xctest */ = {isa = PBXFileReference; explicitFileType = wrapper.cfbundle; includeInIndex = 0; path = GDAUITests.xctest; sourceTree = BUILT_PRODUCTS_DIR; };
		93BB8BF426DF44DB00DD386C /* GDAUITests.swift */ = {isa = PBXFileReference; lastKnownFileType = sourcecode.swift; path = GDAUITests.swift; sourceTree = "<group>"; };
		93BB8BF626DF44DB00DD386C /* Info.plist */ = {isa = PBXFileReference; lastKnownFileType = text.plist.xml; path = Info.plist; sourceTree = "<group>"; };
		93BB8C0226DF4E5B00DD386C /* GameCell.swift */ = {isa = PBXFileReference; lastKnownFileType = sourcecode.swift; path = GameCell.swift; sourceTree = "<group>"; };
/* End PBXFileReference section */

/* Begin PBXFrameworksBuildPhase section */
		93BB8BC926DF44D900DD386C /* Frameworks */ = {
			isa = PBXFrameworksBuildPhase;
			buildActionMask = 2147483647;
			files = (
			);
			runOnlyForDeploymentPostprocessing = 0;
		};
		93BB8BE226DF44DB00DD386C /* Frameworks */ = {
			isa = PBXFrameworksBuildPhase;
			buildActionMask = 2147483647;
			files = (
			);
			runOnlyForDeploymentPostprocessing = 0;
		};
		93BB8BED26DF44DB00DD386C /* Frameworks */ = {
			isa = PBXFrameworksBuildPhase;
			buildActionMask = 2147483647;
			files = (
			);
			runOnlyForDeploymentPostprocessing = 0;
		};
/* End PBXFrameworksBuildPhase section */

/* Begin PBXGroup section */
		93BB8BC326DF44D900DD386C = {
			isa = PBXGroup;
			children = (
				93BB8BCE26DF44D900DD386C /* GDA */,
				93BB8BE826DF44DB00DD386C /* GDATests */,
				93BB8BF326DF44DB00DD386C /* GDAUITests */,
				93BB8BCD26DF44D900DD386C /* Products */,
			);
			sourceTree = "<group>";
		};
		93BB8BCD26DF44D900DD386C /* Products */ = {
			isa = PBXGroup;
			children = (
				93BB8BCC26DF44D900DD386C /* GDA.app */,
				93BB8BE526DF44DB00DD386C /* GDATests.xctest */,
				93BB8BF026DF44DB00DD386C /* GDAUITests.xctest */,
			);
			name = Products;
			sourceTree = "<group>";
		};
		93BB8BCE26DF44D900DD386C /* GDA */ = {
			isa = PBXGroup;
			children = (
				93BB8BCF26DF44D900DD386C /* AppDelegate.swift */,
				93BB8BD126DF44D900DD386C /* SceneDelegate.swift */,
				93BB8BD326DF44D900DD386C /* ViewController.swift */,
				93BB8BD526DF44D900DD386C /* Main.storyboard */,
				93BB8C0226DF4E5B00DD386C /* GameCell.swift */,
				93BB8BDB26DF44DB00DD386C /* Assets.xcassets */,
				93BB8BDD26DF44DB00DD386C /* LaunchScreen.storyboard */,
				93BB8BE026DF44DB00DD386C /* Info.plist */,
				93BB8BD826DF44D900DD386C /* GDA.xcdatamodeld */,
			);
			path = GDA;
			sourceTree = "<group>";
		};
		93BB8BE826DF44DB00DD386C /* GDATests */ = {
			isa = PBXGroup;
			children = (
				93BB8BE926DF44DB00DD386C /* GDATests.swift */,
				93BB8BEB26DF44DB00DD386C /* Info.plist */,
			);
			path = GDATests;
			sourceTree = "<group>";
		};
		93BB8BF326DF44DB00DD386C /* GDAUITests */ = {
			isa = PBXGroup;
			children = (
				93BB8BF426DF44DB00DD386C /* GDAUITests.swift */,
				93BB8BF626DF44DB00DD386C /* Info.plist */,
			);
			path = GDAUITests;
			sourceTree = "<group>";
		};
/* End PBXGroup section */

/* Begin PBXNativeTarget section */
		93BB8BCB26DF44D900DD386C /* GDA */ = {
			isa = PBXNativeTarget;
			buildConfigurationList = 93BB8BF926DF44DB00DD386C /* Build configuration list for PBXNativeTarget "GDA" */;
			buildPhases = (
				93BB8BC826DF44D900DD386C /* Sources */,
				93BB8BC926DF44D900DD386C /* Frameworks */,
				93BB8BCA26DF44D900DD386C /* Resources */,
			);
			buildRules = (
			);
			dependencies = (
			);
			name = GDA;
			productName = GDA;
			productReference = 93BB8BCC26DF44D900DD386C /* GDA.app */;
			productType = "com.apple.product-type.application";
		};
		93BB8BE426DF44DB00DD386C /* GDATests */ = {
			isa = PBXNativeTarget;
			buildConfigurationList = 93BB8BFC26DF44DB00DD386C /* Build configuration list for PBXNativeTarget "GDATests" */;
			buildPhases = (
				93BB8BE126DF44DB00DD386C /* Sources */,
				93BB8BE226DF44DB00DD386C /* Frameworks */,
				93BB8BE326DF44DB00DD386C /* Resources */,
			);
			buildRules = (
			);
			dependencies = (
				93BB8BE726DF44DB00DD386C /* PBXTargetDependency */,
			);
			name = GDATests;
			productName = GDATests;
			productReference = 93BB8BE526DF44DB00DD386C /* GDATests.xctest */;
			productType = "com.apple.product-type.bundle.unit-test";
		};
		93BB8BEF26DF44DB00DD386C /* GDAUITests */ = {
			isa = PBXNativeTarget;
			buildConfigurationList = 93BB8BFF26DF44DB00DD386C /* Build configuration list for PBXNativeTarget "GDAUITests" */;
			buildPhases = (
				93BB8BEC26DF44DB00DD386C /* Sources */,
				93BB8BED26DF44DB00DD386C /* Frameworks */,
				93BB8BEE26DF44DB00DD386C /* Resources */,
			);
			buildRules = (
			);
			dependencies = (
				93BB8BF226DF44DB00DD386C /* PBXTargetDependency */,
			);
			name = GDAUITests;
			productName = GDAUITests;
			productReference = 93BB8BF026DF44DB00DD386C /* GDAUITests.xctest */;
			productType = "com.apple.product-type.bundle.ui-testing";
		};
/* End PBXNativeTarget section */

/* Begin PBXProject section */
		93BB8BC426DF44D900DD386C /* Project object */ = {
			isa = PBXProject;
			attributes = {
				LastSwiftUpdateCheck = 1250;
				LastUpgradeCheck = 1250;
				TargetAttributes = {
					93BB8BCB26DF44D900DD386C = {
						CreatedOnToolsVersion = 12.5.1;
					};
					93BB8BE426DF44DB00DD386C = {
						CreatedOnToolsVersion = 12.5.1;
						TestTargetID = 93BB8BCB26DF44D900DD386C;
					};
					93BB8BEF26DF44DB00DD386C = {
						CreatedOnToolsVersion = 12.5.1;
						TestTargetID = 93BB8BCB26DF44D900DD386C;
					};
				};
			};
			buildConfigurationList = 93BB8BC726DF44D900DD386C /* Build configuration list for PBXProject "GDA" */;
			compatibilityVersion = "Xcode 9.3";
			developmentRegion = en;
			hasScannedForEncodings = 0;
			knownRegions = (
				en,
				Base,
			);
			mainGroup = 93BB8BC326DF44D900DD386C;
			productRefGroup = 93BB8BCD26DF44D900DD386C /* Products */;
			projectDirPath = "";
			projectRoot = "";
			targets = (
				93BB8BCB26DF44D900DD386C /* GDA */,
				93BB8BE426DF44DB00DD386C /* GDATests */,
				93BB8BEF26DF44DB00DD386C /* GDAUITests */,
			);
		};
/* End PBXProject section */

/* Begin PBXResourcesBuildPhase section */
		93BB8BCA26DF44D900DD386C /* Resources */ = {
			isa = PBXResourcesBuildPhase;
			buildActionMask = 2147483647;
			files = (
				93BB8BDF26DF44DB00DD386C /* LaunchScreen.storyboard in Resources */,
				93BB8BDC26DF44DB00DD386C /* Assets.xcassets in Resources */,
				93BB8BD726DF44D900DD386C /* Main.storyboard in Resources */,
			);
			runOnlyForDeploymentPostprocessing = 0;
		};
		93BB8BE326DF44DB00DD386C /* Resources */ = {
			isa = PBXResourcesBuildPhase;
			buildActionMask = 2147483647;
			files = (
			);
			runOnlyForDeploymentPostprocessing = 0;
		};
		93BB8BEE26DF44DB00DD386C /* Resources */ = {
			isa = PBXResourcesBuildPhase;
			buildActionMask = 2147483647;
			files = (
			);
			runOnlyForDeploymentPostprocessing = 0;
		};
/* End PBXResourcesBuildPhase section */

/* Begin PBXSourcesBuildPhase section */
		93BB8BC826DF44D900DD386C /* Sources */ = {
			isa = PBXSourcesBuildPhase;
			buildActionMask = 2147483647;
			files = (
				93BB8C0326DF4E5B00DD386C /* GameCell.swift in Sources */,
				93BB8BDA26DF44D900DD386C /* GDA.xcdatamodeld in Sources */,
				93BB8BD426DF44D900DD386C /* ViewController.swift in Sources */,
				93BB8BD026DF44D900DD386C /* AppDelegate.swift in Sources */,
				93BB8BD226DF44D900DD386C /* SceneDelegate.swift in Sources */,
			);
			runOnlyForDeploymentPostprocessing = 0;
		};
		93BB8BE126DF44DB00DD386C /* Sources */ = {
			isa = PBXSourcesBuildPhase;
			buildActionMask = 2147483647;
			files = (
				93BB8BEA26DF44DB00DD386C /* GDATests.swift in Sources */,
			);
			runOnlyForDeploymentPostprocessing = 0;
		};
		93BB8BEC26DF44DB00DD386C /* Sources */ = {
			isa = PBXSourcesBuildPhase;
			buildActionMask = 2147483647;
			files = (
				93BB8BF526DF44DB00DD386C /* GDAUITests.swift in Sources */,
			);
			runOnlyForDeploymentPostprocessing = 0;
		};
/* End PBXSourcesBuildPhase section */

/* Begin PBXTargetDependency section */
		93BB8BE726DF44DB00DD386C /* PBXTargetDependency */ = {
			isa = PBXTargetDependency;
			target = 93BB8BCB26DF44D900DD386C /* GDA */;
			targetProxy = 93BB8BE626DF44DB00DD386C /* PBXContainerItemProxy */;
		};
		93BB8BF226DF44DB00DD386C /* PBXTargetDependency */ = {
			isa = PBXTargetDependency;
			target = 93BB8BCB26DF44D900DD386C /* GDA */;
			targetProxy = 93BB8BF126DF44DB00DD386C /* PBXContainerItemProxy */;
		};
/* End PBXTargetDependency section */

/* Begin PBXVariantGroup section */
		93BB8BD526DF44D900DD386C /* Main.storyboard */ = {
			isa = PBXVariantGroup;
			children = (
				93BB8BD626DF44D900DD386C /* Base */,
			);
			name = Main.storyboard;
			sourceTree = "<group>";
		};
		93BB8BDD26DF44DB00DD386C /* LaunchScreen.storyboard */ = {
			isa = PBXVariantGroup;
			children = (
				93BB8BDE26DF44DB00DD386C /* Base */,
			);
			name = LaunchScreen.storyboard;
			sourceTree = "<group>";
		};
/* End PBXVariantGroup section */

/* Begin XCBuildConfiguration section */
		93BB8BF726DF44DB00DD386C /* Debug */ = {
			isa = XCBuildConfiguration;
			buildSettings = {
				ALWAYS_SEARCH_USER_PATHS = NO;
				CLANG_ANALYZER_NONNULL = YES;
				CLANG_ANALYZER_NUMBER_OBJECT_CONVERSION = YES_AGGRESSIVE;
				CLANG_CXX_LANGUAGE_STANDARD = "gnu++14";
				CLANG_CXX_LIBRARY = "libc++";
				CLANG_ENABLE_MODULES = YES;
				CLANG_ENABLE_OBJC_ARC = YES;
				CLANG_ENABLE_OBJC_WEAK = YES;
				CLANG_WARN_BLOCK_CAPTURE_AUTORELEASING = YES;
				CLANG_WARN_BOOL_CONVERSION = YES;
				CLANG_WARN_COMMA = YES;
				CLANG_WARN_CONSTANT_CONVERSION = YES;
				CLANG_WARN_DEPRECATED_OBJC_IMPLEMENTATIONS = YES;
				CLANG_WARN_DIRECT_OBJC_ISA_USAGE = YES_ERROR;
				CLANG_WARN_DOCUMENTATION_COMMENTS = YES;
				CLANG_WARN_EMPTY_BODY = YES;
				CLANG_WARN_ENUM_CONVERSION = YES;
				CLANG_WARN_INFINITE_RECURSION = YES;
				CLANG_WARN_INT_CONVERSION = YES;
				CLANG_WARN_NON_LITERAL_NULL_CONVERSION = YES;
				CLANG_WARN_OBJC_IMPLICIT_RETAIN_SELF = YES;
				CLANG_WARN_OBJC_LITERAL_CONVERSION = YES;
				CLANG_WARN_OBJC_ROOT_CLASS = YES_ERROR;
				CLANG_WARN_QUOTED_INCLUDE_IN_FRAMEWORK_HEADER = YES;
				CLANG_WARN_RANGE_LOOP_ANALYSIS = YES;
				CLANG_WARN_STRICT_PROTOTYPES = YES;
				CLANG_WARN_SUSPICIOUS_MOVE = YES;
				CLANG_WARN_UNGUARDED_AVAILABILITY = YES_AGGRESSIVE;
				CLANG_WARN_UNREACHABLE_CODE = YES;
				CLANG_WARN__DUPLICATE_METHOD_MATCH = YES;
				COPY_PHASE_STRIP = NO;
				DEBUG_INFORMATION_FORMAT = dwarf;
				ENABLE_STRICT_OBJC_MSGSEND = YES;
				ENABLE_TESTABILITY = YES;
				GCC_C_LANGUAGE_STANDARD = gnu11;
				GCC_DYNAMIC_NO_PIC = NO;
				GCC_NO_COMMON_BLOCKS = YES;
				GCC_OPTIMIZATION_LEVEL = 0;
				GCC_PREPROCESSOR_DEFINITIONS = (
					"DEBUG=1",
					"$(inherited)",
				);
				GCC_WARN_64_TO_32_BIT_CONVERSION = YES;
				GCC_WARN_ABOUT_RETURN_TYPE = YES_ERROR;
				GCC_WARN_UNDECLARED_SELECTOR = YES;
				GCC_WARN_UNINITIALIZED_AUTOS = YES_AGGRESSIVE;
				GCC_WARN_UNUSED_FUNCTION = YES;
				GCC_WARN_UNUSED_VARIABLE = YES;
				IPHONEOS_DEPLOYMENT_TARGET = 14.5;
				MTL_ENABLE_DEBUG_INFO = INCLUDE_SOURCE;
				MTL_FAST_MATH = YES;
				ONLY_ACTIVE_ARCH = YES;
				SDKROOT = iphoneos;
				SWIFT_ACTIVE_COMPILATION_CONDITIONS = DEBUG;
				SWIFT_OPTIMIZATION_LEVEL = "-Onone";
			};
			name = Debug;
		};
		93BB8BF826DF44DB00DD386C /* Release */ = {
			isa = XCBuildConfiguration;
			buildSettings = {
				ALWAYS_SEARCH_USER_PATHS = NO;
				CLANG_ANALYZER_NONNULL = YES;
				CLANG_ANALYZER_NUMBER_OBJECT_CONVERSION = YES_AGGRESSIVE;
				CLANG_CXX_LANGUAGE_STANDARD = "gnu++14";
				CLANG_CXX_LIBRARY = "libc++";
				CLANG_ENABLE_MODULES = YES;
				CLANG_ENABLE_OBJC_ARC = YES;
				CLANG_ENABLE_OBJC_WEAK = YES;
				CLANG_WARN_BLOCK_CAPTURE_AUTORELEASING = YES;
				CLANG_WARN_BOOL_CONVERSION = YES;
				CLANG_WARN_COMMA = YES;
				CLANG_WARN_CONSTANT_CONVERSION = YES;
				CLANG_WARN_DEPRECATED_OBJC_IMPLEMENTATIONS = YES;
				CLANG_WARN_DIRECT_OBJC_ISA_USAGE = YES_ERROR;
				CLANG_WARN_DOCUMENTATION_COMMENTS = YES;
				CLANG_WARN_EMPTY_BODY = YES;
				CLANG_WARN_ENUM_CONVERSION = YES;
				CLANG_WARN_INFINITE_RECURSION = YES;
				CLANG_WARN_INT_CONVERSION = YES;
				CLANG_WARN_NON_LITERAL_NULL_CONVERSION = YES;
				CLANG_WARN_OBJC_IMPLICIT_RETAIN_SELF = YES;
				CLANG_WARN_OBJC_LITERAL_CONVERSION = YES;
				CLANG_WARN_OBJC_ROOT_CLASS = YES_ERROR;
				CLANG_WARN_QUOTED_INCLUDE_IN_FRAMEWORK_HEADER = YES;
				CLANG_WARN_RANGE_LOOP_ANALYSIS = YES;
				CLANG_WARN_STRICT_PROTOTYPES = YES;
				CLANG_WARN_SUSPICIOUS_MOVE = YES;
				CLANG_WARN_UNGUARDED_AVAILABILITY = YES_AGGRESSIVE;
				CLANG_WARN_UNREACHABLE_CODE = YES;
				CLANG_WARN__DUPLICATE_METHOD_MATCH = YES;
				COPY_PHASE_STRIP = NO;
				DEBUG_INFORMATION_FORMAT = "dwarf-with-dsym";
				ENABLE_NS_ASSERTIONS = NO;
				ENABLE_STRICT_OBJC_MSGSEND = YES;
				GCC_C_LANGUAGE_STANDARD = gnu11;
				GCC_NO_COMMON_BLOCKS = YES;
				GCC_WARN_64_TO_32_BIT_CONVERSION = YES;
				GCC_WARN_ABOUT_RETURN_TYPE = YES_ERROR;
				GCC_WARN_UNDECLARED_SELECTOR = YES;
				GCC_WARN_UNINITIALIZED_AUTOS = YES_AGGRESSIVE;
				GCC_WARN_UNUSED_FUNCTION = YES;
				GCC_WARN_UNUSED_VARIABLE = YES;
				IPHONEOS_DEPLOYMENT_TARGET = 14.5;
				MTL_ENABLE_DEBUG_INFO = NO;
				MTL_FAST_MATH = YES;
				SDKROOT = iphoneos;
				SWIFT_COMPILATION_MODE = wholemodule;
				SWIFT_OPTIMIZATION_LEVEL = "-O";
				VALIDATE_PRODUCT = YES;
			};
			name = Release;
		};
		93BB8BFA26DF44DB00DD386C /* Debug */ = {
			isa = XCBuildConfiguration;
			buildSettings = {
				ASSETCATALOG_COMPILER_APPICON_NAME = AppIcon;
				ASSETCATALOG_COMPILER_GLOBAL_ACCENT_COLOR_NAME = AccentColor;
				CODE_SIGN_STYLE = Automatic;
				INFOPLIST_FILE = GDA/Info.plist;
				LD_RUNPATH_SEARCH_PATHS = (
					"$(inherited)",
					"@executable_path/Frameworks",
				);
				PRODUCT_BUNDLE_IDENTIFIER = kr.co.test.GDA;
				PRODUCT_NAME = "$(TARGET_NAME)";
				SWIFT_VERSION = 5.0;
				TARGETED_DEVICE_FAMILY = "1,2";
			};
			name = Debug;
		};
		93BB8BFB26DF44DB00DD386C /* Release */ = {
			isa = XCBuildConfiguration;
			buildSettings = {
				ASSETCATALOG_COMPILER_APPICON_NAME = AppIcon;
				ASSETCATALOG_COMPILER_GLOBAL_ACCENT_COLOR_NAME = AccentColor;
				CODE_SIGN_STYLE = Automatic;
				INFOPLIST_FILE = GDA/Info.plist;
				LD_RUNPATH_SEARCH_PATHS = (
					"$(inherited)",
					"@executable_path/Frameworks",
				);
				PRODUCT_BUNDLE_IDENTIFIER = kr.co.test.GDA;
				PRODUCT_NAME = "$(TARGET_NAME)";
				SWIFT_VERSION = 5.0;
				TARGETED_DEVICE_FAMILY = "1,2";
			};
			name = Release;
		};
		93BB8BFD26DF44DB00DD386C /* Debug */ = {
			isa = XCBuildConfiguration;
			buildSettings = {
				ALWAYS_EMBED_SWIFT_STANDARD_LIBRARIES = YES;
				BUNDLE_LOADER = "$(TEST_HOST)";
				CODE_SIGN_STYLE = Automatic;
				INFOPLIST_FILE = GDATests/Info.plist;
				IPHONEOS_DEPLOYMENT_TARGET = 14.5;
				LD_RUNPATH_SEARCH_PATHS = (
					"$(inherited)",
					"@executable_path/Frameworks",
					"@loader_path/Frameworks",
				);
				PRODUCT_BUNDLE_IDENTIFIER = kr.co.test.GDATests;
				PRODUCT_NAME = "$(TARGET_NAME)";
				SWIFT_VERSION = 5.0;
				TARGETED_DEVICE_FAMILY = "1,2";
				TEST_HOST = "$(BUILT_PRODUCTS_DIR)/GDA.app/GDA";
			};
			name = Debug;
		};
		93BB8BFE26DF44DB00DD386C /* Release */ = {
			isa = XCBuildConfiguration;
			buildSettings = {
				ALWAYS_EMBED_SWIFT_STANDARD_LIBRARIES = YES;
				BUNDLE_LOADER = "$(TEST_HOST)";
				CODE_SIGN_STYLE = Automatic;
				INFOPLIST_FILE = GDATests/Info.plist;
				IPHONEOS_DEPLOYMENT_TARGET = 14.5;
				LD_RUNPATH_SEARCH_PATHS = (
					"$(inherited)",
					"@executable_path/Frameworks",
					"@loader_path/Frameworks",
				);
				PRODUCT_BUNDLE_IDENTIFIER = kr.co.test.GDATests;
				PRODUCT_NAME = "$(TARGET_NAME)";
				SWIFT_VERSION = 5.0;
				TARGETED_DEVICE_FAMILY = "1,2";
				TEST_HOST = "$(BUILT_PRODUCTS_DIR)/GDA.app/GDA";
			};
			name = Release;
		};
		93BB8C0026DF44DB00DD386C /* Debug */ = {
			isa = XCBuildConfiguration;
			buildSettings = {
				ALWAYS_EMBED_SWIFT_STANDARD_LIBRARIES = YES;
				CODE_SIGN_STYLE = Automatic;
				INFOPLIST_FILE = GDAUITests/Info.plist;
				LD_RUNPATH_SEARCH_PATHS = (
					"$(inherited)",
					"@executable_path/Frameworks",
					"@loader_path/Frameworks",
				);
				PRODUCT_BUNDLE_IDENTIFIER = kr.co.test.GDAUITests;
				PRODUCT_NAME = "$(TARGET_NAME)";
				SWIFT_VERSION = 5.0;
				TARGETED_DEVICE_FAMILY = "1,2";
				TEST_TARGET_NAME = GDA;
			};
			name = Debug;
		};
		93BB8C0126DF44DB00DD386C /* Release */ = {
			isa = XCBuildConfiguration;
			buildSettings = {
				ALWAYS_EMBED_SWIFT_STANDARD_LIBRARIES = YES;
				CODE_SIGN_STYLE = Automatic;
				INFOPLIST_FILE = GDAUITests/Info.plist;
				LD_RUNPATH_SEARCH_PATHS = (
					"$(inherited)",
					"@executable_path/Frameworks",
					"@loader_path/Frameworks",
				);
				PRODUCT_BUNDLE_IDENTIFIER = kr.co.test.GDAUITests;
				PRODUCT_NAME = "$(TARGET_NAME)";
				SWIFT_VERSION = 5.0;
				TARGETED_DEVICE_FAMILY = "1,2";
				TEST_TARGET_NAME = GDA;
			};
			name = Release;
		};
/* End XCBuildConfiguration section */

/* Begin XCConfigurationList section */
		93BB8BC726DF44D900DD386C /* Build configuration list for PBXProject "GDA" */ = {
			isa = XCConfigurationList;
			buildConfigurations = (
				93BB8BF726DF44DB00DD386C /* Debug */,
				93BB8BF826DF44DB00DD386C /* Release */,
			);
			defaultConfigurationIsVisible = 0;
			defaultConfigurationName = Release;
		};
		93BB8BF926DF44DB00DD386C /* Build configuration list for PBXNativeTarget "GDA" */ = {
			isa = XCConfigurationList;
			buildConfigurations = (
				93BB8BFA26DF44DB00DD386C /* Debug */,
				93BB8BFB26DF44DB00DD386C /* Release */,
			);
			defaultConfigurationIsVisible = 0;
			defaultConfigurationName = Release;
		};
		93BB8BFC26DF44DB00DD386C /* Build configuration list for PBXNativeTarget "GDATests" */ = {
			isa = XCConfigurationList;
			buildConfigurations = (
				93BB8BFD26DF44DB00DD386C /* Debug */,
				93BB8BFE26DF44DB00DD386C /* Release */,
			);
			defaultConfigurationIsVisible = 0;
			defaultConfigurationName = Release;
		};
		93BB8BFF26DF44DB00DD386C /* Build configuration list for PBXNativeTarget "GDAUITests" */ = {
			isa = XCConfigurationList;
			buildConfigurations = (
				93BB8C0026DF44DB00DD386C /* Debug */,
				93BB8C0126DF44DB00DD386C /* Release */,
			);
			defaultConfigurationIsVisible = 0;
			defaultConfigurationName = Release;
		};
/* End XCConfigurationList section */

/* Begin XCVersionGroup section */
		93BB8BD826DF44D900DD386C /* GDA.xcdatamodeld */ = {
			isa = XCVersionGroup;
			children = (
				93BB8BD926DF44D900DD386C /* GDA.xcdatamodel */,
			);
			currentVersion = 93BB8BD926DF44D900DD386C /* GDA.xcdatamodel */;
			path = GDA.xcdatamodeld;
			sourceTree = "<group>";
			versionGroupType = wrapper.xcdatamodel;
		};
/* End XCVersionGroup section */
	};
	rootObject = 93BB8BC426DF44D900DD386C /* Project object */;
}
